github.com/gen2brain/malgo v0.11.24 h1:hHcIJVfzWcEDHFdPl5Dl/CUSOjzOleY0zzAV8Kx+imE=
github.com/gen2brain/malgo v0.11.24/go.mod h1:f9TtuN7DVrXMiV/yIceMeWpvanyVzJQMlBecJFVMxww=
github.com/k2-fsa/sherpa-onnx-go v1.12.24 h1:soZp0y966cDsOd7faaWG2Ov1IlFB0b73hhmPDFTPP7o=
github.com/k2-fsa/sherpa-onnx-go v1.12.24/go.mod h1:B/ynRbVa5gpYoZYeYgY3zPi4MTfKk95UZueZDSIhbjk=
github.com/k2-fsa/sherpa-onnx-go-linux v1.12.24 h1:Roh1IgW5C3gzF1dFH0eUxCAWMYmrDNfgFJTETu/ljz4=
github.com/k2-fsa/sherpa-onnx-go-linux v1.12.24/go.mod h1:NXEH2rsBgTdqY59YpPq6CtSBlBAXy/8a9FmpLERU97I=
github.com/k2-fsa/sherpa-onnx-go-macos v1.12.24 h1:wtG8IhoxGQ/i5m4yRn6jPrqwp7ySnRcg9SFhsDKdH5o=
github.com/k2-fsa/sherpa-onnx-go-macos v1.12.24/go.mod h1:ZOhUAXC62Unj0ZNfu6zxSFKcW96aXf7P3BsqiUyOBbE=
github.com/k2-fsa/sherpa-onnx-go-windows v1.12.24 h1:CAbeuLRD0vfyHNfNUXkNF2q3PKXMfGzqihkrGIq/Idw=
github.com/k2-fsa/sherpa-onnx-go-windows v1.12.24/go.mod h1:5AX7TU8+P/gInjglY1ijtWUM2b8iyR0QX4yEngzMe64=
